
Microsoft Visual Studio Solution File, Format Version 12.00
# Visual Studio Version 17
VisualStudioVersion = 17.9.34728.123
MinimumVisualStudioVersion = 10.0.40219.1
Project("{9A19103F-16F7-4668-BE54-9A1E7A4F7556}") = "FormBuilderMVC", "FormBuilderMVC.csproj", "{4AD80B38-89F3-4952-9D51-C3CC35FE20D1}"
EndProject
Project("{9A19103F-16F7-4668-BE54-9A1E7A4F7556}") = "FormBuilderDTO", "..\FormBuilderDTO\FormBuilderDTO.csproj", "{1C466BE9-CDD4-413A-9F53-CE731FDA02B6}"
EndProject
Project("{9A19103F-16F7-4668-BE54-9A1E7A4F7556}") = "FormBuilderSharedService", "..\FormBuilderSharedService\FormBuilderSharedService.csproj", "{9BE4A728-0155-4303-8A7F-C07F064C0236}"
EndProject
Global
	GlobalSection(SolutionConfigurationPlatforms) = preSolution
		Debug|Any CPU = Debug|Any CPU
		Release|Any CPU = Release|Any CPU
	EndGlobalSection
	GlobalSection(ProjectConfigurationPlatforms) = postSolution
		{4AD80B38-89F3-4952-9D51-C3CC35FE20D1}.Debug|Any CPU.ActiveCfg = Debug|Any CPU
		{4AD80B38-89F3-4952-9D51-C3CC35FE20D1}.Debug|Any CPU.Build.0 = Debug|Any CPU
		{4AD80B38-89F3-4952-9D51-C3CC35FE20D1}.Release|Any CPU.ActiveCfg = Release|Any CPU
		{4AD80B38-89F3-4952-9D51-C3CC35FE20D1}.Release|Any CPU.Build.0 = Release|Any CPU
		{1C466BE9-CDD4-413A-9F53-CE731FDA02B6}.Debug|Any CPU.ActiveCfg = Debug|Any CPU
		{1C466BE9-CDD4-413A-9F53-CE731FDA02B6}.Debug|Any CPU.Build.0 = Debug|Any CPU
		{1C466BE9-CDD4-413A-9F53-CE731FDA02B6}.Release|Any CPU.ActiveCfg = Release|Any CPU
		{1C466BE9-CDD4-413A-9F53-CE731FDA02B6}.Release|Any CPU.Build.0 = Release|Any CPU
		{9BE4A728-0155-4303-8A7F-C07F064C0236}.Debug|Any CPU.ActiveCfg = Debug|Any CPU
		{9BE4A728-0155-4303-8A7F-C07F064C0236}.Debug|Any CPU.Build.0 = Debug|Any CPU
		{9BE4A728-0155-4303-8A7F-C07F064C0236}.Release|Any CPU.ActiveCfg = Release|Any CPU
		{9BE4A728-0155-4303-8A7F-C07F064C0236}.Release|Any CPU.Build.0 = Release|Any CPU
	EndGlobalSection
	GlobalSection(SolutionProperties) = preSolution
		HideSolutionNode = FALSE
	EndGlobalSection
	GlobalSection(ExtensibilityGlobals) = postSolution
		SolutionGuid = {2224F9FB-7F3B-4BB7-889A-C748A9751D6D}
	EndGlobalSection
EndGlobal
