
Microsoft Visual Studio Solution File, Format Version 12.00
# Visual Studio Version 17
VisualStudioVersion = 17.9.34728.123
MinimumVisualStudioVersion = 10.0.40219.1
Project("{9A19103F-16F7-4668-BE54-9A1E7A4F7556}") = "FormBuilderBLAZOR", "FormBuilderBLAZOR.csproj", "{580657A8-1337-4A3F-B61C-23B07325BD55}"
EndProject
Project("{9A19103F-16F7-4668-BE54-9A1E7A4F7556}") = "FormBuilderSharedService", "..\FormBuilderSharedService\FormBuilderSharedService.csproj", "{9C18D7D9-020E-43BE-BD56-BE32785951E1}"
EndProject
Project("{9A19103F-16F7-4668-BE54-9A1E7A4F7556}") = "FormBuilderDTO", "..\FormBuilderDTO\FormBuilderDTO.csproj", "{A2741717-206E-4AF1-AF19-2A636578A550}"
EndProject
Global
	GlobalSection(SolutionConfigurationPlatforms) = preSolution
		Debug|Any CPU = Debug|Any CPU
		Release|Any CPU = Release|Any CPU
	EndGlobalSection
	GlobalSection(ProjectConfigurationPlatforms) = postSolution
		{580657A8-1337-4A3F-B61C-23B07325BD55}.Debug|Any CPU.ActiveCfg = Debug|Any CPU
		{580657A8-1337-4A3F-B61C-23B07325BD55}.Debug|Any CPU.Build.0 = Debug|Any CPU
		{580657A8-1337-4A3F-B61C-23B07325BD55}.Release|Any CPU.ActiveCfg = Release|Any CPU
		{580657A8-1337-4A3F-B61C-23B07325BD55}.Release|Any CPU.Build.0 = Release|Any CPU
		{9C18D7D9-020E-43BE-BD56-BE32785951E1}.Debug|Any CPU.ActiveCfg = Debug|Any CPU
		{9C18D7D9-020E-43BE-BD56-BE32785951E1}.Debug|Any CPU.Build.0 = Debug|Any CPU
		{9C18D7D9-020E-43BE-BD56-BE32785951E1}.Release|Any CPU.ActiveCfg = Release|Any CPU
		{9C18D7D9-020E-43BE-BD56-BE32785951E1}.Release|Any CPU.Build.0 = Release|Any CPU
		{A2741717-206E-4AF1-AF19-2A636578A550}.Debug|Any CPU.ActiveCfg = Debug|Any CPU
		{A2741717-206E-4AF1-AF19-2A636578A550}.Debug|Any CPU.Build.0 = Debug|Any CPU
		{A2741717-206E-4AF1-AF19-2A636578A550}.Release|Any CPU.ActiveCfg = Release|Any CPU
		{A2741717-206E-4AF1-AF19-2A636578A550}.Release|Any CPU.Build.0 = Release|Any CPU
	EndGlobalSection
	GlobalSection(SolutionProperties) = preSolution
		HideSolutionNode = FALSE
	EndGlobalSection
	GlobalSection(ExtensibilityGlobals) = postSolution
		SolutionGuid = {64DF2F68-0A1C-4E16-9929-733656A9446B}
	EndGlobalSection
EndGlobal
